// !$*UTF8*$!
{
	archiveVersion = 1;
	classes = {
	};
	objectVersion = 48;
	objects = {

/* Begin PBXBuildFile section */
		81CC41172003C89E00C61E91 /* AppDelegate.swift in Sources */ = {isa = PBXBuildFile; fileRef = 81CC41162003C89E00C61E91 /* AppDelegate.swift */; };
		81CC41192003C89E00C61E91 /* UpDownAnimationViewController.swift in Sources */ = {isa = PBXBuildFile; fileRef = 81CC41182003C89E00C61E91 /* UpDownAnimationViewController.swift */; };
		81CC411C2003C89E00C61E91 /* Main.storyboard in Resources */ = {isa = PBXBuildFile; fileRef = 81CC411A2003C89E00C61E91 /* Main.storyboard */; };
		81CC411E2003C89E00C61E91 /* Assets.xcassets in Resources */ = {isa = PBXBuildFile; fileRef = 81CC411D2003C89E00C61E91 /* Assets.xcassets */; };
		81CC41212003C89E00C61E91 /* LaunchScreen.storyboard in Resources */ = {isa = PBXBuildFile; fileRef = 81CC411F2003C89E00C61E91 /* LaunchScreen.storyboard */; };
		81CC412C2003C89E00C61E91 /* AnimationsAppTests.swift in Sources */ = {isa = PBXBuildFile; fileRef = 81CC412B2003C89E00C61E91 /* AnimationsAppTests.swift */; };
		81CC41372003C89E00C61E91 /* AnimationsAppUITests.swift in Sources */ = {isa = PBXBuildFile; fileRef = 81CC41362003C89E00C61E91 /* AnimationsAppUITests.swift */; };
		81CC41452003E36800C61E91 /* SpiralRotationViewController.swift in Sources */ = {isa = PBXBuildFile; fileRef = 81CC41442003E36800C61E91 /* SpiralRotationViewController.swift */; };
		81CC41812004060000C61E91 /* SliderAnimationViewController.swift in Sources */ = {isa = PBXBuildFile; fileRef = 81CC41802004060000C61E91 /* SliderAnimationViewController.swift */; };
/* End PBXBuildFile section */

/* Begin PBXContainerItemProxy section */
		81CC41282003C89E00C61E91 /* PBXContainerItemProxy */ = {
			isa = PBXContainerItemProxy;
			containerPortal = 81CC410B2003C89E00C61E91 /* Project object */;
			proxyType = 1;
			remoteGlobalIDString = 81CC41122003C89E00C61E91;
			remoteInfo = AnimationsApp;
		};
		81CC41332003C89E00C61E91 /* PBXContainerItemProxy */ = {
			isa = PBXContainerItemProxy;
			containerPortal = 81CC410B2003C89E00C61E91 /* Project object */;
			proxyType = 1;
			remoteGlobalIDString = 81CC41122003C89E00C61E91;
			remoteInfo = AnimationsApp;
		};
/* End PBXContainerItemProxy section */

/* Begin PBXFileReference section */
		81CC41132003C89E00C61E91 /* AnimationsApp.app */ = {isa = PBXFileReference; explicitFileType = wrapper.application; includeInIndex = 0; path = AnimationsApp.app; sourceTree = BUILT_PRODUCTS_DIR; };
		81CC41162003C89E00C61E91 /* AppDelegate.swift */ = {isa = PBXFileReference; lastKnownFileType = sourcecode.swift; path = AppDelegate.swift; sourceTree = "<group>"; };
		81CC41182003C89E00C61E91 /* UpDownAnimationViewController.swift */ = {isa = PBXFileReference; lastKnownFileType = sourcecode.swift; path = UpDownAnimationViewController.swift; sourceTree = "<group>"; };
		81CC411B2003C89E00C61E91 /* Base */ = {isa = PBXFileReference; lastKnownFileType = file.storyboard; name = Base; path = Base.lproj/Main.storyboard; sourceTree = "<group>"; };
		81CC411D2003C89E00C61E91 /* Assets.xcassets */ = {isa = PBXFileReference; lastKnownFileType = folder.assetcatalog; path = Assets.xcassets; sourceTree = "<group>"; };
		81CC41202003C89E00C61E91 /* Base */ = {isa = PBXFileReference; lastKnownFileType = file.storyboard; name = Base; path = Base.lproj/LaunchScreen.storyboard; sourceTree = "<group>"; };
		81CC41222003C89E00C61E91 /* Info.plist */ = {isa = PBXFileReference; lastKnownFileType = text.plist.xml; path = Info.plist; sourceTree = "<group>"; };
		81CC41272003C89E00C61E91 /* AnimationsAppTests.xctest */ = {isa = PBXFileReference; explicitFileType = wrapper.cfbundle; includeInIndex = 0; path = AnimationsAppTests.xctest; sourceTree = BUILT_PRODUCTS_DIR; };
		81CC412B2003C89E00C61E91 /* AnimationsAppTests.swift */ = {isa = PBXFileReference; lastKnownFileType = sourcecode.swift; path = AnimationsAppTests.swift; sourceTree = "<group>"; };
		81CC412D2003C89E00C61E91 /* Info.plist */ = {isa = PBXFileReference; lastKnownFileType = text.plist.xml; path = Info.plist; sourceTree = "<group>"; };
		81CC41322003C89E00C61E91 /* AnimationsAppUITests.xctest */ = {isa = PBXFileReference; explicitFileType = wrapper.cfbundle; includeInIndex = 0; path = AnimationsAppUITests.xctest; sourceTree = BUILT_PRODUCTS_DIR; };
		81CC41362003C89E00C61E91 /* AnimationsAppUITests.swift */ = {isa = PBXFileReference; lastKnownFileType = sourcecode.swift; path = AnimationsAppUITests.swift; sourceTree = "<group>"; };
		81CC41382003C89E00C61E91 /* Info.plist */ = {isa = PBXFileReference; lastKnownFileType = text.plist.xml; path = Info.plist; sourceTree = "<group>"; };
		81CC41442003E36800C61E91 /* SpiralRotationViewController.swift */ = {isa = PBXFileReference; lastKnownFileType = sourcecode.swift; path = SpiralRotationViewController.swift; sourceTree = "<group>"; };
		81CC41802004060000C61E91 /* SliderAnimationViewController.swift */ = {isa = PBXFileReference; lastKnownFileType = sourcecode.swift; path = SliderAnimationViewController.swift; sourceTree = "<group>"; };
/* End PBXFileReference section */

/* Begin PBXFrameworksBuildPhase section */
		81CC41102003C89E00C61E91 /* Frameworks */ = {
			isa = PBXFrameworksBuildPhase;
			buildActionMask = 2147483647;
			files = (
			);
			runOnlyForDeploymentPostprocessing = 0;
		};
		81CC41242003C89E00C61E91 /* Frameworks */ = {
			isa = PBXFrameworksBuildPhase;
			buildActionMask = 2147483647;
			files = (
			);
			runOnlyForDeploymentPostprocessing = 0;
		};
		81CC412F2003C89E00C61E91 /* Frameworks */ = {
			isa = PBXFrameworksBuildPhase;
			buildActionMask = 2147483647;
			files = (
			);
			runOnlyForDeploymentPostprocessing = 0;
		};
/* End PBXFrameworksBuildPhase section */

/* Begin PBXGroup section */
		81CC410A2003C89E00C61E91 = {
			isa = PBXGroup;
			children = (
				81CC41152003C89E00C61E91 /* AnimationsApp */,
				81CC412A2003C89E00C61E91 /* AnimationsAppTests */,
				81CC41352003C89E00C61E91 /* AnimationsAppUITests */,
				81CC41142003C89E00C61E91 /* Products */,
			);
			sourceTree = "<group>";
		};
		81CC41142003C89E00C61E91 /* Products */ = {
			isa = PBXGroup;
			children = (
				81CC41132003C89E00C61E91 /* AnimationsApp.app */,
				81CC41272003C89E00C61E91 /* AnimationsAppTests.xctest */,
				81CC41322003C89E00C61E91 /* AnimationsAppUITests.xctest */,
			);
			name = Products;
			sourceTree = "<group>";
		};
		81CC41152003C89E00C61E91 /* AnimationsApp */ = {
			isa = PBXGroup;
			children = (
				81CC41162003C89E00C61E91 /* AppDelegate.swift */,
				81CC41182003C89E00C61E91 /* UpDownAnimationViewController.swift */,
				81CC41802004060000C61E91 /* SliderAnimationViewController.swift */,
				81CC41442003E36800C61E91 /* SpiralRotationViewController.swift */,
				81CC411A2003C89E00C61E91 /* Main.storyboard */,
				81CC411D2003C89E00C61E91 /* Assets.xcassets */,
				81CC411F2003C89E00C61E91 /* LaunchScreen.storyboard */,
				81CC41222003C89E00C61E91 /* Info.plist */,
			);
			path = AnimationsApp;
			sourceTree = "<group>";
		};
		81CC412A2003C89E00C61E91 /* AnimationsAppTests */ = {
			isa = PBXGroup;
			children = (
				81CC412B2003C89E00C61E91 /* AnimationsAppTests.swift */,
				81CC412D2003C89E00C61E91 /* Info.plist */,
			);
			path = AnimationsAppTests;
			sourceTree = "<group>";
		};
		81CC41352003C89E00C61E91 /* AnimationsAppUITests */ = {
			isa = PBXGroup;
			children = (
				81CC41362003C89E00C61E91 /* AnimationsAppUITests.swift */,
				81CC41382003C89E00C61E91 /* Info.plist */,
			);
			path = AnimationsAppUITests;
			sourceTree = "<group>";
		};
/* End PBXGroup section */

/* Begin PBXNativeTarget section */
		81CC41122003C89E00C61E91 /* AnimationsApp */ = {
			isa = PBXNativeTarget;
			buildConfigurationList = 81CC413B2003C89E00C61E91 /* Build configuration list for PBXNativeTarget "AnimationsApp" */;
			buildPhases = (
				81CC410F2003C89E00C61E91 /* Sources */,
				81CC41102003C89E00C61E91 /* Frameworks */,
				81CC41112003C89E00C61E91 /* Resources */,
			);
			buildRules = (
			);
			dependencies = (
			);
			name = AnimationsApp;
			productName = AnimationsApp;
			productReference = 81CC41132003C89E00C61E91 /* AnimationsApp.app */;
			productType = "com.apple.product-type.application";
		};
		81CC41262003C89E00C61E91 /* AnimationsAppTests */ = {
			isa = PBXNativeTarget;
			buildConfigurationList = 81CC413E2003C89E00C61E91 /* Build configuration list for PBXNativeTarget "AnimationsAppTests" */;
			buildPhases = (
				81CC41232003C89E00C61E91 /* Sources */,
				81CC41242003C89E00C61E91 /* Frameworks */,
				81CC41252003C89E00C61E91 /* Resources */,
			);
			buildRules = (
			);
			dependencies = (
				81CC41292003C89E00C61E91 /* PBXTargetDependency */,
			);
			name = AnimationsAppTests;
			productName = AnimationsAppTests;
			productReference = 81CC41272003C89E00C61E91 /* AnimationsAppTests.xctest */;
			productType = "com.apple.product-type.bundle.unit-test";
		};
		81CC41312003C89E00C61E91 /* AnimationsAppUITests */ = {
			isa = PBXNativeTarget;
			buildConfigurationList = 81CC41412003C89E00C61E91 /* Build configuration list for PBXNativeTarget "AnimationsAppUITests" */;
			buildPhases = (
				81CC412E2003C89E00C61E91 /* Sources */,
				81CC412F2003C89E00C61E91 /* Frameworks */,
				81CC41302003C89E00C61E91 /* Resources */,
			);
			buildRules = (
			);
			dependencies = (
				81CC41342003C89E00C61E91 /* PBXTargetDependency */,
			);
			name = AnimationsAppUITests;
			productName = AnimationsAppUITests;
			productReference = 81CC41322003C89E00C61E91 /* AnimationsAppUITests.xctest */;
			productType = "com.apple.product-type.bundle.ui-testing";
		};
/* End PBXNativeTarget section */

/* Begin PBXProject section */
		81CC410B2003C89E00C61E91 /* Project object */ = {
			isa = PBXProject;
			attributes = {
				LastSwiftUpdateCheck = 0920;
				LastUpgradeCheck = 0920;
				ORGANIZATIONNAME = "Vikash Hart";
				TargetAttributes = {
					81CC41122003C89E00C61E91 = {
						CreatedOnToolsVersion = 9.2;
						ProvisioningStyle = Automatic;
					};
					81CC41262003C89E00C61E91 = {
						CreatedOnToolsVersion = 9.2;
						ProvisioningStyle = Automatic;
						TestTargetID = 81CC41122003C89E00C61E91;
					};
					81CC41312003C89E00C61E91 = {
						CreatedOnToolsVersion = 9.2;
						ProvisioningStyle = Automatic;
						TestTargetID = 81CC41122003C89E00C61E91;
					};
				};
			};
			buildConfigurationList = 81CC410E2003C89E00C61E91 /* Build configuration list for PBXProject "AnimationsApp" */;
			compatibilityVersion = "Xcode 8.0";
			developmentRegion = en;
			hasScannedForEncodings = 0;
			knownRegions = (
				en,
				Base,
			);
			mainGroup = 81CC410A2003C89E00C61E91;
			productRefGroup = 81CC41142003C89E00C61E91 /* Products */;
			projectDirPath = "";
			projectRoot = "";
			targets = (
				81CC41122003C89E00C61E91 /* AnimationsApp */,
				81CC41262003C89E00C61E91 /* AnimationsAppTests */,
				81CC41312003C89E00C61E91 /* AnimationsAppUITests */,
			);
		};
/* End PBXProject section */

/* Begin PBXResourcesBuildPhase section */
		81CC41112003C89E00C61E91 /* Resources */ = {
			isa = PBXResourcesBuildPhase;
			buildActionMask = 2147483647;
			files = (
				81CC41212003C89E00C61E91 /* LaunchScreen.storyboard in Resources */,
				81CC411E2003C89E00C61E91 /* Assets.xcassets in Resources */,
				81CC411C2003C89E00C61E91 /* Main.storyboard in Resources */,
			);
			runOnlyForDeploymentPostprocessing = 0;
		};
		81CC41252003C89E00C61E91 /* Resources */ = {
			isa = PBXResourcesBuildPhase;
			buildActionMask = 2147483647;
			files = (
			);
			runOnlyForDeploymentPostprocessing = 0;
		};
		81CC41302003C89E00C61E91 /* Resources */ = {
			isa = PBXResourcesBuildPhase;
			buildActionMask = 2147483647;
			files = (
			);
			runOnlyForDeploymentPostprocessing = 0;
		};
/* End PBXResourcesBuildPhase section */

/* Begin PBXSourcesBuildPhase section */
		81CC410F2003C89E00C61E91 /* Sources */ = {
			isa = PBXSourcesBuildPhase;
			buildActionMask = 2147483647;
			files = (
				81CC41812004060000C61E91 /* SliderAnimationViewController.swift in Sources */,
				81CC41192003C89E00C61E91 /* UpDownAnimationViewController.swift in Sources */,
				81CC41452003E36800C61E91 /* SpiralRotationViewController.swift in Sources */,
				81CC41172003C89E00C61E91 /* AppDelegate.swift in Sources */,
			);
			runOnlyForDeploymentPostprocessing = 0;
		};
		81CC41232003C89E00C61E91 /* Sources */ = {
			isa = PBXSourcesBuildPhase;
			buildActionMask = 2147483647;
			files = (
				81CC412C2003C89E00C61E91 /* AnimationsAppTests.swift in Sources */,
			);
			runOnlyForDeploymentPostprocessing = 0;
		};
		81CC412E2003C89E00C61E91 /* Sources */ = {
			isa = PBXSourcesBuildPhase;
			buildActionMask = 2147483647;
			files = (
				81CC41372003C89E00C61E91 /* AnimationsAppUITests.swift in Sources */,
			);
			runOnlyForDeploymentPostprocessing = 0;
		};
/* End PBXSourcesBuildPhase section */

/* Begin PBXTargetDependency section */
		81CC41292003C89E00C61E91 /* PBXTargetDependency */ = {
			isa = PBXTargetDependency;
			target = 81CC41122003C89E00C61E91 /* AnimationsApp */;
			targetProxy = 81CC41282003C89E00C61E91 /* PBXContainerItemProxy */;
		};
		81CC41342003C89E00C61E91 /* PBXTargetDependency */ = {
			isa = PBXTargetDependency;
			target = 81CC41122003C89E00C61E91 /* AnimationsApp */;
			targetProxy = 81CC41332003C89E00C61E91 /* PBXContainerItemProxy */;
		};
/* End PBXTargetDependency section */

/* Begin PBXVariantGroup section */
		81CC411A2003C89E00C61E91 /* Main.storyboard */ = {
			isa = PBXVariantGroup;
			children = (
				81CC411B2003C89E00C61E91 /* Base */,
			);
			name = Main.storyboard;
			sourceTree = "<group>";
		};
		81CC411F2003C89E00C61E91 /* LaunchScreen.storyboard */ = {
			isa = PBXVariantGroup;
			children = (
				81CC41202003C89E00C61E91 /* Base */,
			);
			name = LaunchScreen.storyboard;
			sourceTree = "<group>";
		};
/* End PBXVariantGroup section */

/* Begin XCBuildConfiguration section */
		81CC41392003C89E00C61E91 /* Debug */ = {
			isa = XCBuildConfiguration;
			buildSettings = {
				ALWAYS_SEARCH_USER_PATHS = NO;
				CLANG_ANALYZER_NONNULL = YES;
				CLANG_ANALYZER_NUMBER_OBJECT_CONVERSION = YES_AGGRESSIVE;
				CLANG_CXX_LANGUAGE_STANDARD = "gnu++14";
				CLANG_CXX_LIBRARY = "libc++";
				CLANG_ENABLE_MODULES = YES;
				CLANG_ENABLE_OBJC_ARC = YES;
				CLANG_WARN_BLOCK_CAPTURE_AUTORELEASING = YES;
				CLANG_WARN_BOOL_CONVERSION = YES;
				CLANG_WARN_COMMA = YES;
				CLANG_WARN_CONSTANT_CONVERSION = YES;
				CLANG_WARN_DIRECT_OBJC_ISA_USAGE = YES_ERROR;
				CLANG_WARN_DOCUMENTATION_COMMENTS = YES;
				CLANG_WARN_EMPTY_BODY = YES;
				CLANG_WARN_ENUM_CONVERSION = YES;
				CLANG_WARN_INFINITE_RECURSION = YES;
				CLANG_WARN_INT_CONVERSION = YES;
				CLANG_WARN_NON_LITERAL_NULL_CONVERSION = YES;
				CLANG_WARN_OBJC_LITERAL_CONVERSION = YES;
				CLANG_WARN_OBJC_ROOT_CLASS = YES_ERROR;
				CLANG_WARN_RANGE_LOOP_ANALYSIS = YES;
				CLANG_WARN_STRICT_PROTOTYPES = YES;
				CLANG_WARN_SUSPICIOUS_MOVE = YES;
				CLANG_WARN_UNGUARDED_AVAILABILITY = YES_AGGRESSIVE;
				CLANG_WARN_UNREACHABLE_CODE = YES;
				CLANG_WARN__DUPLICATE_METHOD_MATCH = YES;
				CODE_SIGN_IDENTITY = "iPhone Developer";
				COPY_PHASE_STRIP = NO;
				DEBUG_INFORMATION_FORMAT = dwarf;
				ENABLE_STRICT_OBJC_MSGSEND = YES;
				ENABLE_TESTABILITY = YES;
				GCC_C_LANGUAGE_STANDARD = gnu11;
				GCC_DYNAMIC_NO_PIC = NO;
				GCC_NO_COMMON_BLOCKS = YES;
				GCC_OPTIMIZATION_LEVEL = 0;
				GCC_PREPROCESSOR_DEFINITIONS = (
					"DEBUG=1",
					"$(inherited)",
				);
				GCC_WARN_64_TO_32_BIT_CONVERSION = YES;
				GCC_WARN_ABOUT_RETURN_TYPE = YES_ERROR;
				GCC_WARN_UNDECLARED_SELECTOR = YES;
				GCC_WARN_UNINITIALIZED_AUTOS = YES_AGGRESSIVE;
				GCC_WARN_UNUSED_FUNCTION = YES;
				GCC_WARN_UNUSED_VARIABLE = YES;
				IPHONEOS_DEPLOYMENT_TARGET = 11.2;
				MTL_ENABLE_DEBUG_INFO = YES;
				ONLY_ACTIVE_ARCH = YES;
				SDKROOT = iphoneos;
				SWIFT_ACTIVE_COMPILATION_CONDITIONS = DEBUG;
				SWIFT_OPTIMIZATION_LEVEL = "-Onone";
			};
			name = Debug;
		};
		81CC413A2003C89E00C61E91 /* Release */ = {
			isa = XCBuildConfiguration;
			buildSettings = {
				ALWAYS_SEARCH_USER_PATHS = NO;
				CLANG_ANALYZER_NONNULL = YES;
				CLANG_ANALYZER_NUMBER_OBJECT_CONVERSION = YES_AGGRESSIVE;
				CLANG_CXX_LANGUAGE_STANDARD = "gnu++14";
				CLANG_CXX_LIBRARY = "libc++";
				CLANG_ENABLE_MODULES = YES;
				CLANG_ENABLE_OBJC_ARC = YES;
				CLANG_WARN_BLOCK_CAPTURE_AUTORELEASING = YES;
				CLANG_WARN_BOOL_CONVERSION = YES;
				CLANG_WARN_COMMA = YES;
				CLANG_WARN_CONSTANT_CONVERSION = YES;
				CLANG_WARN_DIRECT_OBJC_ISA_USAGE = YES_ERROR;
				CLANG_WARN_DOCUMENTATION_COMMENTS = YES;
				CLANG_WARN_EMPTY_BODY = YES;
				CLANG_WARN_ENUM_CONVERSION = YES;
				CLANG_WARN_INFINITE_RECURSION = YES;
				CLANG_WARN_INT_CONVERSION = YES;
				CLANG_WARN_NON_LITERAL_NULL_CONVERSION = YES;
				CLANG_WARN_OBJC_LITERAL_CONVERSION = YES;
				CLANG_WARN_OBJC_ROOT_CLASS = YES_ERROR;
				CLANG_WARN_RANGE_LOOP_ANALYSIS = YES;
				CLANG_WARN_STRICT_PROTOTYPES = YES;
				CLANG_WARN_SUSPICIOUS_MOVE = YES;
				CLANG_WARN_UNGUARDED_AVAILABILITY = YES_AGGRESSIVE;
				CLANG_WARN_UNREACHABLE_CODE = YES;
				CLANG_WARN__DUPLICATE_METHOD_MATCH = YES;
				CODE_SIGN_IDENTITY = "iPhone Developer";
				COPY_PHASE_STRIP = NO;
				DEBUG_INFORMATION_FORMAT = "dwarf-with-dsym";
				ENABLE_NS_ASSERTIONS = NO;
				ENABLE_STRICT_OBJC_MSGSEND = YES;
				GCC_C_LANGUAGE_STANDARD = gnu11;
				GCC_NO_COMMON_BLOCKS = YES;
				GCC_WARN_64_TO_32_BIT_CONVERSION = YES;
				GCC_WARN_ABOUT_RETURN_TYPE = YES_ERROR;
				GCC_WARN_UNDECLARED_SELECTOR = YES;
				GCC_WARN_UNINITIALIZED_AUTOS = YES_AGGRESSIVE;
				GCC_WARN_UNUSED_FUNCTION = YES;
				GCC_WARN_UNUSED_VARIABLE = YES;
				IPHONEOS_DEPLOYMENT_TARGET = 11.2;
				MTL_ENABLE_DEBUG_INFO = NO;
				SDKROOT = iphoneos;
				SWIFT_OPTIMIZATION_LEVEL = "-Owholemodule";
				VALIDATE_PRODUCT = YES;
			};
			name = Release;
		};
		81CC413C2003C89E00C61E91 /* Debug */ = {
			isa = XCBuildConfiguration;
			buildSettings = {
				ASSETCATALOG_COMPILER_APPICON_NAME = AppIcon;
				CODE_SIGN_STYLE = Automatic;
				INFOPLIST_FILE = AnimationsApp/Info.plist;
				LD_RUNPATH_SEARCH_PATHS = "$(inherited) @executable_path/Frameworks";
				PRODUCT_BUNDLE_IDENTIFIER = "Vikash-Hart.AnimationsApp";
				PRODUCT_NAME = "$(TARGET_NAME)";
				SWIFT_VERSION = 4.0;
				TARGETED_DEVICE_FAMILY = "1,2";
			};
			name = Debug;
		};
		81CC413D2003C89E00C61E91 /* Release */ = {
			isa = XCBuildConfiguration;
			buildSettings = {
				ASSETCATALOG_COMPILER_APPICON_NAME = AppIcon;
				CODE_SIGN_STYLE = Automatic;
				INFOPLIST_FILE = AnimationsApp/Info.plist;
				LD_RUNPATH_SEARCH_PATHS = "$(inherited) @executable_path/Frameworks";
				PRODUCT_BUNDLE_IDENTIFIER = "Vikash-Hart.AnimationsApp";
				PRODUCT_NAME = "$(TARGET_NAME)";
				SWIFT_VERSION = 4.0;
				TARGETED_DEVICE_FAMILY = "1,2";
			};
			name = Release;
		};
		81CC413F2003C89E00C61E91 /* Debug */ = {
			isa = XCBuildConfiguration;
			buildSettings = {
				ALWAYS_EMBED_SWIFT_STANDARD_LIBRARIES = YES;
				BUNDLE_LOADER = "$(TEST_HOST)";
				CODE_SIGN_STYLE = Automatic;
				INFOPLIST_FILE = AnimationsAppTests/Info.plist;
				LD_RUNPATH_SEARCH_PATHS = "$(inherited) @executable_path/Frameworks @loader_path/Frameworks";
				PRODUCT_BUNDLE_IDENTIFIER = "Vikash-Hart.AnimationsAppTests";
				PRODUCT_NAME = "$(TARGET_NAME)";
				SWIFT_VERSION = 4.0;
				TARGETED_DEVICE_FAMILY = "1,2";
				TEST_HOST = "$(BUILT_PRODUCTS_DIR)/AnimationsApp.app/AnimationsApp";
			};
			name = Debug;
		};
		81CC41402003C89E00C61E91 /* Release */ = {
			isa = XCBuildConfiguration;
			buildSettings = {
				ALWAYS_EMBED_SWIFT_STANDARD_LIBRARIES = YES;
				BUNDLE_LOADER = "$(TEST_HOST)";
				CODE_SIGN_STYLE = Automatic;
				INFOPLIST_FILE = AnimationsAppTests/Info.plist;
				LD_RUNPATH_SEARCH_PATHS = "$(inherited) @executable_path/Frameworks @loader_path/Frameworks";
				PRODUCT_BUNDLE_IDENTIFIER = "Vikash-Hart.AnimationsAppTests";
				PRODUCT_NAME = "$(TARGET_NAME)";
				SWIFT_VERSION = 4.0;
				TARGETED_DEVICE_FAMILY = "1,2";
				TEST_HOST = "$(BUILT_PRODUCTS_DIR)/AnimationsApp.app/AnimationsApp";
			};
			name = Release;
		};
		81CC41422003C89E00C61E91 /* Debug */ = {
			isa = XCBuildConfiguration;
			buildSettings = {
				ALWAYS_EMBED_SWIFT_STANDARD_LIBRARIES = YES;
				CODE_SIGN_STYLE = Automatic;
				INFOPLIST_FILE = AnimationsAppUITests/Info.plist;
				LD_RUNPATH_SEARCH_PATHS = "$(inherited) @executable_path/Frameworks @loader_path/Frameworks";
				PRODUCT_BUNDLE_IDENTIFIER = "Vikash-Hart.AnimationsAppUITests";
				PRODUCT_NAME = "$(TARGET_NAME)";
				SWIFT_VERSION = 4.0;
				TARGETED_DEVICE_FAMILY = "1,2";
				TEST_TARGET_NAME = AnimationsApp;
			};
			name = Debug;
		};
		81CC41432003C89E00C61E91 /* Release */ = {
			isa = XCBuildConfiguration;
			buildSettings = {
				ALWAYS_EMBED_SWIFT_STANDARD_LIBRARIES = YES;
				CODE_SIGN_STYLE = Automatic;
				INFOPLIST_FILE = AnimationsAppUITests/Info.plist;
				LD_RUNPATH_SEARCH_PATHS = "$(inherited) @executable_path/Frameworks @loader_path/Frameworks";
				PRODUCT_BUNDLE_IDENTIFIER = "Vikash-Hart.AnimationsAppUITests";
				PRODUCT_NAME = "$(TARGET_NAME)";
				SWIFT_VERSION = 4.0;
				TARGETED_DEVICE_FAMILY = "1,2";
				TEST_TARGET_NAME = AnimationsApp;
			};
			name = Release;
		};
/* End XCBuildConfiguration section */

/* Begin XCConfigurationList section */
		81CC410E2003C89E00C61E91 /* Build configuration list for PBXProject "AnimationsApp" */ = {
			isa = XCConfigurationList;
			buildConfigurations = (
				81CC41392003C89E00C61E91 /* Debug */,
				81CC413A2003C89E00C61E91 /* Release */,
			);
			defaultConfigurationIsVisible = 0;
			defaultConfigurationName = Release;
		};
		81CC413B2003C89E00C61E91 /* Build configuration list for PBXNativeTarget "AnimationsApp" */ = {
			isa = XCConfigurationList;
			buildConfigurations = (
				81CC413C2003C89E00C61E91 /* Debug */,
				81CC413D2003C89E00C61E91 /* Release */,
			);
			defaultConfigurationIsVisible = 0;
			defaultConfigurationName = Release;
		};
		81CC413E2003C89E00C61E91 /* Build configuration list for PBXNativeTarget "AnimationsAppTests" */ = {
			isa = XCConfigurationList;
			buildConfigurations = (
				81CC413F2003C89E00C61E91 /* Debug */,
				81CC41402003C89E00C61E91 /* Release */,
			);
			defaultConfigurationIsVisible = 0;
			defaultConfigurationName = Release;
		};
		81CC41412003C89E00C61E91 /* Build configuration list for PBXNativeTarget "AnimationsAppUITests" */ = {
			isa = XCConfigurationList;
			buildConfigurations = (
				81CC41422003C89E00C61E91 /* Debug */,
				81CC41432003C89E00C61E91 /* Release */,
			);
			defaultConfigurationIsVisible = 0;
			defaultConfigurationName = Release;
		};
/* End XCConfigurationList section */
	};
	rootObject = 81CC410B2003C89E00C61E91 /* Project object */;
}
